# THIS IS AN AUTOGENERATED FILE. DO NOT EDIT THIS FILE DIRECTLY.
# yarn lockfile v1


css-mediaquery@^0.1.2:
  version "0.1.2"
  resolved "https://registry.yarnpkg.com/css-mediaquery/-/css-mediaquery-0.1.2.tgz#6a2c37344928618631c54bd33cedd301da18bea0"

object-resolve-path@^1.1.0:
  version "1.1.1"
  resolved "https://registry.yarnpkg.com/object-resolve-path/-/object-resolve-path-1.1.1.tgz#a7f8f93e8a20af80e44217ba7db54316d9d12232"

react-native-extended-stylesheet@^0.8.0:
  version "0.8.0"
  resolved "https://registry.yarnpkg.com/react-native-extended-stylesheet/-/react-native-extended-stylesheet-0.8.0.tgz#28a59d3bd3f51131fcfb08a27d645e1d60b427e9"
  dependencies:
    css-mediaquery "^0.1.2"
    object-resolve-path "^1.1.0"
